{
    "_readme": [
        "This file locks the dependencies of your project to a known state",
        "Read more about it at https://getcomposer.org/doc/01-basic-usage.md#installing-dependencies",
        "This file is @generated automatically"
    ],
    "content-hash": "d70f8321c591ada412b3b596966aba93",
    "packages": [
        {
            "name": "firebase/php-jwt",
            "version": "v5.0.0",
            "source": {
                "type": "git",
                "url": "https://github.com/firebase/php-jwt.git",
                "reference": "9984a4d3a32ae7673d6971ea00bae9d0a1abba0e"
            },
            "dist": {
                "type": "zip",
                "url": "https://api.github.com/repos/firebase/php-jwt/zipball/9984a4d3a32ae7673d6971ea00bae9d0a1abba0e",
                "reference": "9984a4d3a32ae7673d6971ea00bae9d0a1abba0e",
                "shasum": ""
            },
            "require": {
                "php": ">=5.3.0"
            },
            "require-dev": {
                "phpunit/phpunit": " 4.8.35"
            },
            "type": "library",
            "autoload": {
                "psr-4": {
                    "Firebase\\JWT\\": "src"
                }
            },
            "notification-url": "https://packagist.org/downloads/",
            "license": [
                "BSD-3-Clause"
            ],
            "authors": [
                {
                    "name": "Neuman Vong",
                    "email": "neuman+pear@twilio.com",
                    "role": "Developer"
                },
                {
                    "name": "Anant Narayanan",
                    "email": "anant@php.net",
                    "role": "Developer"
                }
            ],
            "description": "A simple library to encode and decode JSON Web Tokens (JWT) in PHP. Should conform to the current spec.",
            "homepage": "https://github.com/firebase/php-jwt",
            "time": "2017-06-27T22:17:23+00:00"
        },
        {
            "name": "pda/pheanstalk",
            "version": "v3.2.1",
            "source": {
                "type": "git",
                "url": "https://github.com/pda/pheanstalk.git",
                "reference": "57b6e76f1b06ca798e739a8dee92c2dac04fd170"
            },
            "dist": {
                "type": "zip",
                "url": "https://api.github.com/repos/pda/pheanstalk/zipball/57b6e76f1b06ca798e739a8dee92c2dac04fd170",
                "reference": "57b6e76f1b06ca798e739a8dee92c2dac04fd170",
                "shasum": ""
            },
            "require": {
                "php": ">=5.3.0"
            },
            "require-dev": {
                "phpunit/phpunit": "~4.0"
            },
            "type": "library",
            "extra": {
                "branch-alias": {
                    "dev-master": "3.1-dev"
                }
            },
            "autoload": {
                "psr-4": {
                    "Pheanstalk\\": "src/"
                }
            },
            "notification-url": "https://packagist.org/downloads/",
            "license": [
                "MIT"
            ],
            "authors": [
                {
                    "name": "Paul Annesley",
                    "email": "paul@annesley.cc",
                    "homepage": "http://paul.annesley.cc/",
                    "role": "Developer"
                }
            ],
            "description": "PHP client for beanstalkd queue",
            "homepage": "https://github.com/pda/pheanstalk",
            "keywords": [
                "beanstalkd"
            ],
            "time": "2018-09-19T12:16:28+00:00"
        },
        {
            "name": "php-amqplib/php-amqplib",
            "version": "v2.9.1",
            "source": {
                "type": "git",
                "url": "https://github.com/php-amqplib/php-amqplib.git",
                "reference": "bde215e0b62d361d8316e8c2c1f1a0ffd71deab6"
            },
            "dist": {
                "type": "zip",
                "url": "https://api.github.com/repos/php-amqplib/php-amqplib/zipball/bde215e0b62d361d8316e8c2c1f1a0ffd71deab6",
                "reference": "bde215e0b62d361d8316e8c2c1f1a0ffd71deab6",
                "shasum": ""
            },
            "require": {
                "ext-bcmath": "*",
                "ext-sockets": "*",
                "php": ">=5.4.0"
            },
            "replace": {
                "videlalvaro/php-amqplib": "self.version"
            },
            "require-dev": {
                "ext-curl": "*",
                "nategood/httpful": "^0.2.20",
                "phpdocumentor/phpdocumentor": "^2.9",
                "phpunit/phpunit": "^4.8",
                "squizlabs/php_codesniffer": "^2.5"
            },
            "type": "library",
            "extra": {
                "branch-alias": {
                    "dev-master": "2.8-dev"
                }
            },
            "autoload": {
                "psr-4": {
                    "PhpAmqpLib\\": "PhpAmqpLib/"
                }
            },
            "notification-url": "https://packagist.org/downloads/",
            "license": [
                "LGPL-2.1-or-later"
            ],
            "authors": [
                {
                    "name": "Alvaro Videla",
                    "role": "Original Maintainer"
                },
                {
                    "name": "John Kelly",
                    "email": "johnmkelly86@gmail.com",
                    "role": "Maintainer"
                },
                {
                    "name": "Raúl Araya",
                    "email": "nubeiro@gmail.com",
                    "role": "Maintainer"
                },
                {
                    "name": "Luke Bakken",
                    "email": "luke@bakken.io",
                    "role": "Maintainer"
                }
            ],
            "description": "Formerly videlalvaro/php-amqplib.  This library is a pure PHP implementation of the AMQP protocol. It's been tested against RabbitMQ.",
            "homepage": "https://github.com/php-amqplib/php-amqplib/",
            "keywords": [
                "message",
                "queue",
                "rabbitmq"
            ],
            "time": "2019-03-26T18:25:18+00:00"
        },
        {
            "name": "phpmailer/phpmailer",
            "version": "v6.0.7",
            "source": {
                "type": "git",
                "url": "https://github.com/PHPMailer/PHPMailer.git",
                "reference": "0c41a36d4508d470e376498c1c0c527aa36a2d59"
            },
            "dist": {
                "type": "zip",
                "url": "https://api.github.com/repos/PHPMailer/PHPMailer/zipball/0c41a36d4508d470e376498c1c0c527aa36a2d59",
                "reference": "0c41a36d4508d470e376498c1c0c527aa36a2d59",
                "shasum": ""
            },
            "require": {
                "ext-ctype": "*",
                "ext-filter": "*",
                "php": ">=5.5.0"
            },
            "require-dev": {
                "doctrine/annotations": "1.2.*",
                "friendsofphp/php-cs-fixer": "^2.2",
                "phpdocumentor/phpdocumentor": "2.*",
                "phpunit/phpunit": "^4.8 || ^5.7",
                "zendframework/zend-eventmanager": "3.0.*",
                "zendframework/zend-i18n": "2.7.3",
                "zendframework/zend-serializer": "2.7.*"
            },
            "suggest": {
                "ext-mbstring": "Needed to send email in multibyte encoding charset",
                "hayageek/oauth2-yahoo": "Needed for Yahoo XOAUTH2 authentication",
                "league/oauth2-google": "Needed for Google XOAUTH2 authentication",
                "psr/log": "For optional PSR-3 debug logging",
                "stevenmaguire/oauth2-microsoft": "Needed for Microsoft XOAUTH2 authentication",
                "symfony/polyfill-mbstring": "To support UTF-8 if the Mbstring PHP extension is not enabled (^1.2)"
            },
            "type": "library",
            "autoload": {
                "psr-4": {
                    "PHPMailer\\PHPMailer\\": "src/"
                }
            },
            "notification-url": "https://packagist.org/downloads/",
            "license": [
                "LGPL-2.1"
            ],
            "authors": [
                {
                    "name": "Jim Jagielski",
                    "email": "jimjag@gmail.com"
                },
                {
                    "name": "Marcus Bointon",
                    "email": "phpmailer@synchromedia.co.uk"
                },
                {
                    "name": "Andy Prevost",
                    "email": "codeworxtech@users.sourceforge.net"
                },
                {
                    "name": "Brent R. Matzelle"
                }
            ],
            "description": "PHPMailer is a full-featured email creation and transfer class for PHP",
            "time": "2019-02-01T15:04:28+00:00"
        }
    ],
    "packages-dev": [],
    "aliases": [],
    "minimum-stability": "stable",
    "stability-flags": [],
    "prefer-stable": false,
    "prefer-lowest": false,
    "platform": [],
    "platform-dev": []
}
