1555160009.....
1555160021.....
1555160032.....
1555160044.....
1555160054.....
1555179102.....
1555239160.....
1555239162.....
1555240261.....
1555240287.....
1555240302.....
1555240342.....
1555248720.....
1555248733.....
1555248804.....
1555248805.....
1555252909.....
1555252956.....
1555252976.....
1555253022.....
1555253034.....
1555253071.....
1555253079.....
1555253089.....
1555253715.....
1555253835.....
1555253845.....
1555253859.....
1555253880.....
1555253887.....
1555253901.....
1555253965.....
1555254234.....
2019-04-15 02:58:31:
2019-04-15 02:59:50:
2019-04-15 03:01:29:
2019-04-15 03:02:34:
1555330891.....
1555331211.....
1555331235.....
1555331337.....
1555331353.....
1555331564.....
1555331604.....
1555331622.....
1555331646.....
1555331658.....
1555331687.....
1555331698.....
1555331707.....
1555331714.....
1555331738.....
1555331792.....
1555333066.....
1555333090.....
1555333094.....
1555333119.....
1555333125.....
1555333130.....
1555333214.....
...........
1555333235.....
...........
1555333251.....
...........
1555333437.....
...........
1555333479.....
1555333491.....
1555333503.....
1555333510.....
1555333549.....
1555333580.....
1555333612.....
1555333618.....
1555333619.....
1555333620.....
1555333621.....
1555333675.....
1555333686.....
1555333693.....
1555333694.....
1555333695.....
1555333704.....
1555333724.....
1555333751.....
1555333754.....
1555333757.....
1555333772.....
1555333791.....
1555333802.....
1555333807.....
1555333828.....
1555333837.....
1555333849.....
1555333866.....
1555335853.....
...........
1555335863.....
...........
1555335865.....
...........
1555341328.....
...........
1555341591.....
...........
1555341600.....
...........
1555341628.....
...........
1555341636.....
...........
1555341648.....
...........
1555341664.....
...........
1555341673.....
...........
1555341677.....
...........
1555341684.....
...........
1555341690.....
...........
1555342087.....
...........
1555342102.....
...........
1555342122.....
...........
1555342148.....
...........
