1555160009.....
1555160021.....
1555160032.....
1555160044.....
1555160054.....
1555179102.....
1555239160.....
1555239162.....
1555240261.....
1555240287.....
1555240302.....
1555240342.....
1555248720.....
1555248733.....
1555248804.....
1555248805.....
1555252909.....
1555252956.....
1555252976.....
1555253022.....
1555253034.....
1555253071.....
1555253079.....
1555253089.....
1555253715.....
1555253835.....
1555253845.....
1555253859.....
1555253880.....
1555253887.....
1555253901.....
1555253965.....
1555254234.....
2019-04-15 02:58:31:
2019-04-15 02:59:50:
2019-04-15 03:01:29:
2019-04-15 03:02:34:
